
Microsoft Visual Studio Solution File, Format Version 12.00
# Visual Studio Version 16
VisualStudioVersion = 16.0.32106.194
MinimumVisualStudioVersion = 10.0.40219.1
Project("{FAE04EC0-301F-11D3-BF4B-00C04F79EFBC}") = "finalspecflow", "finalspecflow.csproj", "{D495C594-CBE3-4D82-9ECE-98ABD8BCFB89}"
EndProject
Global
	GlobalSection(SolutionConfigurationPlatforms) = preSolution
		Debug|Any CPU = Debug|Any CPU
		Release|Any CPU = Release|Any CPU
	EndGlobalSection
	GlobalSection(ProjectConfigurationPlatforms) = postSolution
		{D495C594-CBE3-4D82-9ECE-98ABD8BCFB89}.Debug|Any CPU.ActiveCfg = Debug|Any CPU
		{D495C594-CBE3-4D82-9ECE-98ABD8BCFB89}.Debug|Any CPU.Build.0 = Debug|Any CPU
		{D495C594-CBE3-4D82-9ECE-98ABD8BCFB89}.Release|Any CPU.ActiveCfg = Release|Any CPU
		{D495C594-CBE3-4D82-9ECE-98ABD8BCFB89}.Release|Any CPU.Build.0 = Release|Any CPU
	EndGlobalSection
	GlobalSection(SolutionProperties) = preSolution
		HideSolutionNode = FALSE
	EndGlobalSection
	GlobalSection(ExtensibilityGlobals) = postSolution
		SolutionGuid = {C71A4CBC-F700-44A9-B8DB-2A0D5BFF5DF4}
	EndGlobalSection
EndGlobal
